# THIS IS AN AUTOGENERATED FILE. DO NOT EDIT THIS FILE DIRECTLY.
# yarn lockfile v1


hermes-estree@0.18.0:
  version "0.18.0"
  resolved "https://registry.yarnpkg.com/hermes-estree/-/hermes-estree-0.18.0.tgz#6c202d8c78ddefadf3eb595a584dfa55b51a0508"
  integrity sha512-WaIudIVKo5QWFqz1ta53HqSDuVxYST/MUuP9X7dqUpbHse3E2gzJq/7hEtgx84hh2XSNWN1AhYho3ThOA85uCA==

hermes-parser@^0.18.0:
  version "0.18.0"
  resolved "https://registry.yarnpkg.com/hermes-parser/-/hermes-parser-0.18.0.tgz#dd9878f70e9ca2570e7626181ae0465115f7f78d"
  integrity sha512-DIIM6vsy30BU5hNkOXh6MR2r4ZAxVhbfyTnmfo/rqUf3KySlNWn9fWiOcpuGAdDN2o5sdPCpu6cep3a23d1Klw==
  dependencies:
    hermes-estree "0.18.0"
